{
  "name": "ulbitv",
  "lockfileVersion": 2,
  "requires": true,
  "packages": {
    "": {
      "devDependencies": {
        "eslint-plugin-i18next": "^6.0.0-6"
      }
    },
    "node_modules/eslint-plugin-i18next": {
      "version": "6.0.0-6",
      "resolved": "https://registry.npmjs.org/eslint-plugin-i18next/-/eslint-plugin-i18next-6.0.0-6.tgz",
      "integrity": "sha512-Wl9Ko3AUORoOXm8Gve8BlfasT2dyIcDu1WgPUpLK3G6D/CDDOH33mF5Nd+TThkRVFKIoFY8QObZtnmn9jf9qxA==",
      "dev": true,
      "dependencies": {
        "lodash": "^4.17.21",
        "requireindex": "~1.1.0"
      },
      "engines": {
        "node": ">=0.10.0"
      }
    },
    "node_modules/lodash": {
      "version": "4.17.21",
      "resolved": "https://registry.npmjs.org/lodash/-/lodash-4.17.21.tgz",
      "integrity": "sha512-v2kDEe57lecTulaDIuNTPy3Ry4gLGJ6Z1O3vE1krgXZNrsQ+LFTGHVxVjcXPs17LhbZVGedAJv8XZ1tvj5FvSg==",
      "dev": true
    },
    "node_modules/requireindex": {
      "version": "1.1.0",
      "resolved": "https://registry.npmjs.org/requireindex/-/requireindex-1.1.0.tgz",
      "integrity": "sha512-LBnkqsDE7BZKvqylbmn7lTIVdpx4K/QCduRATpO5R+wtPmky/a8pN1bO2D6wXppn1497AJF9mNjqAXr6bdl9jg==",
      "dev": true,
      "engines": {
        "node": ">=0.10.5"
      }
    }
  },
  "dependencies": {
    "eslint-plugin-i18next": {
      "version": "6.0.0-6",
      "resolved": "https://registry.npmjs.org/eslint-plugin-i18next/-/eslint-plugin-i18next-6.0.0-6.tgz",
      "integrity": "sha512-Wl9Ko3AUORoOXm8Gve8BlfasT2dyIcDu1WgPUpLK3G6D/CDDOH33mF5Nd+TThkRVFKIoFY8QObZtnmn9jf9qxA==",
      "dev": true,
      "requires": {
        "lodash": "^4.17.21",
        "requireindex": "~1.1.0"
      }
    },
    "lodash": {
      "version": "4.17.21",
      "resolved": "https://registry.npmjs.org/lodash/-/lodash-4.17.21.tgz",
      "integrity": "sha512-v2kDEe57lecTulaDIuNTPy3Ry4gLGJ6Z1O3vE1krgXZNrsQ+LFTGHVxVjcXPs17LhbZVGedAJv8XZ1tvj5FvSg==",
      "dev": true
    },
    "requireindex": {
      "version": "1.1.0",
      "resolved": "https://registry.npmjs.org/requireindex/-/requireindex-1.1.0.tgz",
      "integrity": "sha512-LBnkqsDE7BZKvqylbmn7lTIVdpx4K/QCduRATpO5R+wtPmky/a8pN1bO2D6wXppn1497AJF9mNjqAXr6bdl9jg==",
      "dev": true
    }
  }
}
